
Microsoft Visual Studio Solution File, Format Version 12.00
# Visual Studio 2012
Project("{FAE04EC0-301F-11D3-BF4B-00C04F79EFBC}") = "Discuz.Forum", "Discuz.Forum\Discuz.Forum.csproj", "{A44D0E57-6EF1-4DF0-A73F-A7BA86B6C495}"
EndProject
Project("{FAE04EC0-301F-11D3-BF4B-00C04F79EFBC}") = "Discuz.Common", "Discuz.Common\Discuz.Common.csproj", "{6A0EC5BD-742F-431D-A9EC-5C0342B2A76A}"
EndProject
Project("{FAE04EC0-301F-11D3-BF4B-00C04F79EFBC}") = "Discuz.Aggregation", "Discuz.Aggregation\Discuz.Aggregation.csproj", "{6C7484B3-F4F9-4531-9D26-7D567324AFF8}"
EndProject
Project("{FAE04EC0-301F-11D3-BF4B-00C04F79EFBC}") = "Discuz.Cache", "Discuz.Cache\Discuz.Cache.csproj", "{DEC263A7-C844-46A2-B143-91FE1B3A3851}"
EndProject
Project("{FAE04EC0-301F-11D3-BF4B-00C04F79EFBC}") = "Discuz.Config", "Discuz.Config\Discuz.Config.csproj", "{F6A5F6C1-BD11-441D-B956-3BF52AEED890}"
EndProject
Project("{FAE04EC0-301F-11D3-BF4B-00C04F79EFBC}") = "Discuz.Data", "Discuz.Data\Discuz.Data.csproj", "{CAA860C2-28D3-4D1B-8D7B-3A83C94DAA65}"
EndProject
Project("{FAE04EC0-301F-11D3-BF4B-00C04F79EFBC}") = "Discuz.Data.SqlServer", "Discuz.Data.SqlServer\Discuz.Data.SqlServer.csproj", "{A1A66329-FE25-47D7-98FE-5F1EC3D2A872}"
EndProject
Project("{FAE04EC0-301F-11D3-BF4B-00C04F79EFBC}") = "Discuz.Control", "Discuz.Control\Discuz.Control.csproj", "{2A067E35-B67E-4D43-B9A3-5C2037CF2696}"
EndProject
Project("{FAE04EC0-301F-11D3-BF4B-00C04F79EFBC}") = "Discuz.Entity", "Discuz.Entity\Discuz.Entity.csproj", "{41156C65-96B0-4026-A4FF-94CC299ABCAB}"
EndProject
Project("{FAE04EC0-301F-11D3-BF4B-00C04F79EFBC}") = "Discuz.Plugin.Preview.Jpg", "Discuz.Plugin.Preview.Jpg\Discuz.Plugin.Preview.Jpg.csproj", "{995785E4-E415-4378-A6BC-887A1E619F23}"
EndProject
Project("{FAE04EC0-301F-11D3-BF4B-00C04F79EFBC}") = "Discuz.Plugin.Spread", "Discuz.Web\plugin\Spread\Discuz.Plugin.Spread.csproj", "{0ADC6ABA-D7B7-4C6A-83C1-ED9C84BC9A06}"
EndProject
Project("{FAE04EC0-301F-11D3-BF4B-00C04F79EFBC}") = "Discuz.Web.Services", "Discuz.Web.Services\Discuz.Web.Services.csproj", "{A4B1F8BD-6C98-453B-82E2-4B54D08F227E}"
EndProject
Project("{FAE04EC0-301F-11D3-BF4B-00C04F79EFBC}") = "Discuz.Plugin", "Discuz.Plugin\Discuz.Plugin.csproj", "{8C0DAF87-ABA7-4E6D-B930-187ED559EDB7}"
EndProject
Project("{FAE04EC0-301F-11D3-BF4B-00C04F79EFBC}") = "Discuz.Install", "Discuz.Install\Discuz.Install.csproj", "{D16ECF86-E60C-4A3A-831B-89537C463E8B}"
EndProject
Project("{FAE04EC0-301F-11D3-BF4B-00C04F79EFBC}") = "Discuz.Plugin.Mail.SysMail", "Discuz.Plugin.Mail.SysMail\Discuz.Plugin.Mail.SysMail.csproj", "{E76A78B3-1642-420D-8C4F-C18DF700CF71}"
EndProject
Project("{FAE04EC0-301F-11D3-BF4B-00C04F79EFBC}") = "Discuz.Event", "Discuz.Event\Discuz.Event.csproj", "{1590480E-AA00-42EC-80B0-3FD2F389FEE9}"
EndProject
Project("{FAE04EC0-301F-11D3-BF4B-00C04F79EFBC}") = "Discuz.Web.Admin", "Discuz.Web\admin\Discuz.Web.Admin.csproj", "{A3263B57-6E20-4A9F-8D1F-9A020CF95F08}"
EndProject
Project("{FAE04EC0-301F-11D3-BF4B-00C04F79EFBC}") = "Discuz.Web", "Discuz.Web\Discuz.Web.csproj", "{8F3750A7-4457-41EE-9867-8AEEF05A7DBF}"
EndProject
Project("{FAE04EC0-301F-11D3-BF4B-00C04F79EFBC}") = "Discuz.Plugin.PasswordMode", "Discuz.Plugin.PasswordMode\Discuz.Plugin.PasswordMode.csproj", "{B5767D89-F853-4CE6-9BE6-7E268BD87D57}"
EndProject
Project("{FAE04EC0-301F-11D3-BF4B-00C04F79EFBC}") = "Discuz.Album", "Discuz.Album\Discuz.Album.csproj", "{3DF7819E-BCF2-44C5-96F3-E0BD73CFA5B1}"
EndProject
Project("{FAE04EC0-301F-11D3-BF4B-00C04F79EFBC}") = "Discuz.Space", "Discuz.Web\space\Discuz.Space.csproj", "{69654816-4C83-429F-BC6D-E895DD94D2A4}"
EndProject
Project("{FAE04EC0-301F-11D3-BF4B-00C04F79EFBC}") = "Discuz.Space.Modules", "Discuz.Web\space\modules\builtin\Discuz.Space.Modules.csproj", "{777E8738-BFB3-484E-B4D0-658D02783F70}"
EndProject
Project("{FAE04EC0-301F-11D3-BF4B-00C04F79EFBC}") = "Discuz.Space.Modules.Album", "Discuz.Web\space\modules\builtin\album\Discuz.Space.Modules.Album.csproj", "{D0F9A87F-758A-44DE-948A-FF087D9D2E48}"
EndProject
Global
	GlobalSection(SolutionConfigurationPlatforms) = preSolution
		Debug|.NET = Debug|.NET
		Debug|Any CPU = Debug|Any CPU
		Debug|Mixed Platforms = Debug|Mixed Platforms
		Debug|Win32 = Debug|Win32
		Default|.NET = Default|.NET
		Default|Any CPU = Default|Any CPU
		Default|Mixed Platforms = Default|Mixed Platforms
		Default|Win32 = Default|Win32
		Release|.NET = Release|.NET
		Release|Any CPU = Release|Any CPU
		Release|Mixed Platforms = Release|Mixed Platforms
		Release|Win32 = Release|Win32
	EndGlobalSection
	GlobalSection(ProjectConfigurationPlatforms) = postSolution
		{A44D0E57-6EF1-4DF0-A73F-A7BA86B6C495}.Debug|.NET.ActiveCfg = Debug|Any CPU
		{A44D0E57-6EF1-4DF0-A73F-A7BA86B6C495}.Debug|Any CPU.ActiveCfg = Debug|Any CPU
		{A44D0E57-6EF1-4DF0-A73F-A7BA86B6C495}.Debug|Any CPU.Build.0 = Debug|Any CPU
		{A44D0E57-6EF1-4DF0-A73F-A7BA86B6C495}.Debug|Mixed Platforms.ActiveCfg = Debug|Any CPU
		{A44D0E57-6EF1-4DF0-A73F-A7BA86B6C495}.Debug|Mixed Platforms.Build.0 = Debug|Any CPU
		{A44D0E57-6EF1-4DF0-A73F-A7BA86B6C495}.Debug|Win32.ActiveCfg = Debug|Any CPU
		{A44D0E57-6EF1-4DF0-A73F-A7BA86B6C495}.Default|.NET.ActiveCfg = Debug|Any CPU
		{A44D0E57-6EF1-4DF0-A73F-A7BA86B6C495}.Default|Any CPU.ActiveCfg = Debug|Any CPU
		{A44D0E57-6EF1-4DF0-A73F-A7BA86B6C495}.Default|Any CPU.Build.0 = Debug|Any CPU
		{A44D0E57-6EF1-4DF0-A73F-A7BA86B6C495}.Default|Mixed Platforms.ActiveCfg = Debug|Any CPU
		{A44D0E57-6EF1-4DF0-A73F-A7BA86B6C495}.Default|Mixed Platforms.Build.0 = Debug|Any CPU
		{A44D0E57-6EF1-4DF0-A73F-A7BA86B6C495}.Default|Win32.ActiveCfg = Debug|Any CPU
		{A44D0E57-6EF1-4DF0-A73F-A7BA86B6C495}.Release|.NET.ActiveCfg = Release|Any CPU
		{A44D0E57-6EF1-4DF0-A73F-A7BA86B6C495}.Release|Any CPU.ActiveCfg = Release|Any CPU
		{A44D0E57-6EF1-4DF0-A73F-A7BA86B6C495}.Release|Any CPU.Build.0 = Release|Any CPU
		{A44D0E57-6EF1-4DF0-A73F-A7BA86B6C495}.Release|Mixed Platforms.ActiveCfg = Release|Any CPU
		{A44D0E57-6EF1-4DF0-A73F-A7BA86B6C495}.Release|Mixed Platforms.Build.0 = Release|Any CPU
		{A44D0E57-6EF1-4DF0-A73F-A7BA86B6C495}.Release|Win32.ActiveCfg = Release|Any CPU
		{6A0EC5BD-742F-431D-A9EC-5C0342B2A76A}.Debug|.NET.ActiveCfg = Debug|Any CPU
		{6A0EC5BD-742F-431D-A9EC-5C0342B2A76A}.Debug|Any CPU.ActiveCfg = Debug|Any CPU
		{6A0EC5BD-742F-431D-A9EC-5C0342B2A76A}.Debug|Any CPU.Build.0 = Debug|Any CPU
		{6A0EC5BD-742F-431D-A9EC-5C0342B2A76A}.Debug|Mixed Platforms.ActiveCfg = Debug|Any CPU
		{6A0EC5BD-742F-431D-A9EC-5C0342B2A76A}.Debug|Mixed Platforms.Build.0 = Debug|Any CPU
		{6A0EC5BD-742F-431D-A9EC-5C0342B2A76A}.Debug|Win32.ActiveCfg = Debug|Any CPU
		{6A0EC5BD-742F-431D-A9EC-5C0342B2A76A}.Default|.NET.ActiveCfg = Debug|Any CPU
		{6A0EC5BD-742F-431D-A9EC-5C0342B2A76A}.Default|Any CPU.ActiveCfg = Debug|Any CPU
		{6A0EC5BD-742F-431D-A9EC-5C0342B2A76A}.Default|Any CPU.Build.0 = Debug|Any CPU
		{6A0EC5BD-742F-431D-A9EC-5C0342B2A76A}.Default|Mixed Platforms.ActiveCfg = Debug|Any CPU
		{6A0EC5BD-742F-431D-A9EC-5C0342B2A76A}.Default|Mixed Platforms.Build.0 = Debug|Any CPU
		{6A0EC5BD-742F-431D-A9EC-5C0342B2A76A}.Default|Win32.ActiveCfg = Debug|Any CPU
		{6A0EC5BD-742F-431D-A9EC-5C0342B2A76A}.Release|.NET.ActiveCfg = Release|Any CPU
		{6A0EC5BD-742F-431D-A9EC-5C0342B2A76A}.Release|Any CPU.ActiveCfg = Release|Any CPU
		{6A0EC5BD-742F-431D-A9EC-5C0342B2A76A}.Release|Any CPU.Build.0 = Release|Any CPU
		{6A0EC5BD-742F-431D-A9EC-5C0342B2A76A}.Release|Mixed Platforms.ActiveCfg = Release|Any CPU
		{6A0EC5BD-742F-431D-A9EC-5C0342B2A76A}.Release|Mixed Platforms.Build.0 = Release|Any CPU
		{6A0EC5BD-742F-431D-A9EC-5C0342B2A76A}.Release|Win32.ActiveCfg = Release|Any CPU
		{6C7484B3-F4F9-4531-9D26-7D567324AFF8}.Debug|.NET.ActiveCfg = Debug|Any CPU
		{6C7484B3-F4F9-4531-9D26-7D567324AFF8}.Debug|Any CPU.ActiveCfg = Debug|Any CPU
		{6C7484B3-F4F9-4531-9D26-7D567324AFF8}.Debug|Any CPU.Build.0 = Debug|Any CPU
		{6C7484B3-F4F9-4531-9D26-7D567324AFF8}.Debug|Mixed Platforms.ActiveCfg = Debug|Any CPU
		{6C7484B3-F4F9-4531-9D26-7D567324AFF8}.Debug|Mixed Platforms.Build.0 = Debug|Any CPU
		{6C7484B3-F4F9-4531-9D26-7D567324AFF8}.Debug|Win32.ActiveCfg = Debug|Any CPU
		{6C7484B3-F4F9-4531-9D26-7D567324AFF8}.Default|.NET.ActiveCfg = Debug|Any CPU
		{6C7484B3-F4F9-4531-9D26-7D567324AFF8}.Default|Any CPU.ActiveCfg = Debug|Any CPU
		{6C7484B3-F4F9-4531-9D26-7D567324AFF8}.Default|Any CPU.Build.0 = Debug|Any CPU
		{6C7484B3-F4F9-4531-9D26-7D567324AFF8}.Default|Mixed Platforms.ActiveCfg = Debug|Any CPU
		{6C7484B3-F4F9-4531-9D26-7D567324AFF8}.Default|Mixed Platforms.Build.0 = Debug|Any CPU
		{6C7484B3-F4F9-4531-9D26-7D567324AFF8}.Default|Win32.ActiveCfg = Debug|Any CPU
		{6C7484B3-F4F9-4531-9D26-7D567324AFF8}.Release|.NET.ActiveCfg = Release|Any CPU
		{6C7484B3-F4F9-4531-9D26-7D567324AFF8}.Release|Any CPU.ActiveCfg = Release|Any CPU
		{6C7484B3-F4F9-4531-9D26-7D567324AFF8}.Release|Any CPU.Build.0 = Release|Any CPU
		{6C7484B3-F4F9-4531-9D26-7D567324AFF8}.Release|Mixed Platforms.ActiveCfg = Release|Any CPU
		{6C7484B3-F4F9-4531-9D26-7D567324AFF8}.Release|Mixed Platforms.Build.0 = Release|Any CPU
		{6C7484B3-F4F9-4531-9D26-7D567324AFF8}.Release|Win32.ActiveCfg = Release|Any CPU
		{DEC263A7-C844-46A2-B143-91FE1B3A3851}.Debug|.NET.ActiveCfg = Debug|Any CPU
		{DEC263A7-C844-46A2-B143-91FE1B3A3851}.Debug|Any CPU.ActiveCfg = Debug|Any CPU
		{DEC263A7-C844-46A2-B143-91FE1B3A3851}.Debug|Any CPU.Build.0 = Debug|Any CPU
		{DEC263A7-C844-46A2-B143-91FE1B3A3851}.Debug|Mixed Platforms.ActiveCfg = Debug|Any CPU
		{DEC263A7-C844-46A2-B143-91FE1B3A3851}.Debug|Mixed Platforms.Build.0 = Debug|Any CPU
		{DEC263A7-C844-46A2-B143-91FE1B3A3851}.Debug|Win32.ActiveCfg = Debug|Any CPU
		{DEC263A7-C844-46A2-B143-91FE1B3A3851}.Default|.NET.ActiveCfg = Debug|Any CPU
		{DEC263A7-C844-46A2-B143-91FE1B3A3851}.Default|Any CPU.ActiveCfg = Debug|Any CPU
		{DEC263A7-C844-46A2-B143-91FE1B3A3851}.Default|Any CPU.Build.0 = Debug|Any CPU
		{DEC263A7-C844-46A2-B143-91FE1B3A3851}.Default|Mixed Platforms.ActiveCfg = Debug|Any CPU
		{DEC263A7-C844-46A2-B143-91FE1B3A3851}.Default|Mixed Platforms.Build.0 = Debug|Any CPU
		{DEC263A7-C844-46A2-B143-91FE1B3A3851}.Default|Win32.ActiveCfg = Debug|Any CPU
		{DEC263A7-C844-46A2-B143-91FE1B3A3851}.Release|.NET.ActiveCfg = Release|Any CPU
		{DEC263A7-C844-46A2-B143-91FE1B3A3851}.Release|Any CPU.ActiveCfg = Release|Any CPU
		{DEC263A7-C844-46A2-B143-91FE1B3A3851}.Release|Any CPU.Build.0 = Release|Any CPU
		{DEC263A7-C844-46A2-B143-91FE1B3A3851}.Release|Mixed Platforms.ActiveCfg = Release|Any CPU
		{DEC263A7-C844-46A2-B143-91FE1B3A3851}.Release|Mixed Platforms.Build.0 = Release|Any CPU
		{DEC263A7-C844-46A2-B143-91FE1B3A3851}.Release|Win32.ActiveCfg = Release|Any CPU
		{F6A5F6C1-BD11-441D-B956-3BF52AEED890}.Debug|.NET.ActiveCfg = Debug|Any CPU
		{F6A5F6C1-BD11-441D-B956-3BF52AEED890}.Debug|Any CPU.ActiveCfg = Debug|Any CPU
		{F6A5F6C1-BD11-441D-B956-3BF52AEED890}.Debug|Any CPU.Build.0 = Debug|Any CPU
		{F6A5F6C1-BD11-441D-B956-3BF52AEED890}.Debug|Mixed Platforms.ActiveCfg = Debug|Any CPU
		{F6A5F6C1-BD11-441D-B956-3BF52AEED890}.Debug|Mixed Platforms.Build.0 = Debug|Any CPU
		{F6A5F6C1-BD11-441D-B956-3BF52AEED890}.Debug|Win32.ActiveCfg = Debug|Any CPU
		{F6A5F6C1-BD11-441D-B956-3BF52AEED890}.Default|.NET.ActiveCfg = Debug|Any CPU
		{F6A5F6C1-BD11-441D-B956-3BF52AEED890}.Default|Any CPU.ActiveCfg = Debug|Any CPU
		{F6A5F6C1-BD11-441D-B956-3BF52AEED890}.Default|Any CPU.Build.0 = Debug|Any CPU
		{F6A5F6C1-BD11-441D-B956-3BF52AEED890}.Default|Mixed Platforms.ActiveCfg = Debug|Any CPU
		{F6A5F6C1-BD11-441D-B956-3BF52AEED890}.Default|Mixed Platforms.Build.0 = Debug|Any CPU
		{F6A5F6C1-BD11-441D-B956-3BF52AEED890}.Default|Win32.ActiveCfg = Debug|Any CPU
		{F6A5F6C1-BD11-441D-B956-3BF52AEED890}.Release|.NET.ActiveCfg = Release|Any CPU
		{F6A5F6C1-BD11-441D-B956-3BF52AEED890}.Release|Any CPU.ActiveCfg = Release|Any CPU
		{F6A5F6C1-BD11-441D-B956-3BF52AEED890}.Release|Any CPU.Build.0 = Release|Any CPU
		{F6A5F6C1-BD11-441D-B956-3BF52AEED890}.Release|Mixed Platforms.ActiveCfg = Release|Any CPU
		{F6A5F6C1-BD11-441D-B956-3BF52AEED890}.Release|Mixed Platforms.Build.0 = Release|Any CPU
		{F6A5F6C1-BD11-441D-B956-3BF52AEED890}.Release|Win32.ActiveCfg = Release|Any CPU
		{CAA860C2-28D3-4D1B-8D7B-3A83C94DAA65}.Debug|.NET.ActiveCfg = Debug|Any CPU
		{CAA860C2-28D3-4D1B-8D7B-3A83C94DAA65}.Debug|Any CPU.ActiveCfg = Debug|Any CPU
		{CAA860C2-28D3-4D1B-8D7B-3A83C94DAA65}.Debug|Any CPU.Build.0 = Debug|Any CPU
		{CAA860C2-28D3-4D1B-8D7B-3A83C94DAA65}.Debug|Mixed Platforms.ActiveCfg = Debug|Any CPU
		{CAA860C2-28D3-4D1B-8D7B-3A83C94DAA65}.Debug|Mixed Platforms.Build.0 = Debug|Any CPU
		{CAA860C2-28D3-4D1B-8D7B-3A83C94DAA65}.Debug|Win32.ActiveCfg = Debug|Any CPU
		{CAA860C2-28D3-4D1B-8D7B-3A83C94DAA65}.Default|.NET.ActiveCfg = Debug|Any CPU
		{CAA860C2-28D3-4D1B-8D7B-3A83C94DAA65}.Default|Any CPU.ActiveCfg = Debug|Any CPU
		{CAA860C2-28D3-4D1B-8D7B-3A83C94DAA65}.Default|Any CPU.Build.0 = Debug|Any CPU
		{CAA860C2-28D3-4D1B-8D7B-3A83C94DAA65}.Default|Mixed Platforms.ActiveCfg = Debug|Any CPU
		{CAA860C2-28D3-4D1B-8D7B-3A83C94DAA65}.Default|Mixed Platforms.Build.0 = Debug|Any CPU
		{CAA860C2-28D3-4D1B-8D7B-3A83C94DAA65}.Default|Win32.ActiveCfg = Debug|Any CPU
		{CAA860C2-28D3-4D1B-8D7B-3A83C94DAA65}.Release|.NET.ActiveCfg = Release|Any CPU
		{CAA860C2-28D3-4D1B-8D7B-3A83C94DAA65}.Release|Any CPU.ActiveCfg = Release|Any CPU
		{CAA860C2-28D3-4D1B-8D7B-3A83C94DAA65}.Release|Any CPU.Build.0 = Release|Any CPU
		{CAA860C2-28D3-4D1B-8D7B-3A83C94DAA65}.Release|Mixed Platforms.ActiveCfg = Release|Any CPU
		{CAA860C2-28D3-4D1B-8D7B-3A83C94DAA65}.Release|Mixed Platforms.Build.0 = Release|Any CPU
		{CAA860C2-28D3-4D1B-8D7B-3A83C94DAA65}.Release|Win32.ActiveCfg = Release|Any CPU
		{A1A66329-FE25-47D7-98FE-5F1EC3D2A872}.Debug|.NET.ActiveCfg = Debug|Any CPU
		{A1A66329-FE25-47D7-98FE-5F1EC3D2A872}.Debug|Any CPU.ActiveCfg = Debug|Any CPU
		{A1A66329-FE25-47D7-98FE-5F1EC3D2A872}.Debug|Any CPU.Build.0 = Debug|Any CPU
		{A1A66329-FE25-47D7-98FE-5F1EC3D2A872}.Debug|Mixed Platforms.ActiveCfg = Debug|Any CPU
		{A1A66329-FE25-47D7-98FE-5F1EC3D2A872}.Debug|Mixed Platforms.Build.0 = Debug|Any CPU
		{A1A66329-FE25-47D7-98FE-5F1EC3D2A872}.Debug|Win32.ActiveCfg = Debug|Any CPU
		{A1A66329-FE25-47D7-98FE-5F1EC3D2A872}.Default|.NET.ActiveCfg = Debug|Any CPU
		{A1A66329-FE25-47D7-98FE-5F1EC3D2A872}.Default|Any CPU.ActiveCfg = Debug|Any CPU
		{A1A66329-FE25-47D7-98FE-5F1EC3D2A872}.Default|Any CPU.Build.0 = Debug|Any CPU
		{A1A66329-FE25-47D7-98FE-5F1EC3D2A872}.Default|Mixed Platforms.ActiveCfg = Debug|Any CPU
		{A1A66329-FE25-47D7-98FE-5F1EC3D2A872}.Default|Mixed Platforms.Build.0 = Debug|Any CPU
		{A1A66329-FE25-47D7-98FE-5F1EC3D2A872}.Default|Win32.ActiveCfg = Debug|Any CPU
		{A1A66329-FE25-47D7-98FE-5F1EC3D2A872}.Release|.NET.ActiveCfg = Release|Any CPU
		{A1A66329-FE25-47D7-98FE-5F1EC3D2A872}.Release|Any CPU.ActiveCfg = Release|Any CPU
		{A1A66329-FE25-47D7-98FE-5F1EC3D2A872}.Release|Any CPU.Build.0 = Release|Any CPU
		{A1A66329-FE25-47D7-98FE-5F1EC3D2A872}.Release|Mixed Platforms.ActiveCfg = Release|Any CPU
		{A1A66329-FE25-47D7-98FE-5F1EC3D2A872}.Release|Mixed Platforms.Build.0 = Release|Any CPU
		{A1A66329-FE25-47D7-98FE-5F1EC3D2A872}.Release|Win32.ActiveCfg = Release|Any CPU
		{2A067E35-B67E-4D43-B9A3-5C2037CF2696}.Debug|.NET.ActiveCfg = Debug|Any CPU
		{2A067E35-B67E-4D43-B9A3-5C2037CF2696}.Debug|Any CPU.ActiveCfg = Debug|Any CPU
		{2A067E35-B67E-4D43-B9A3-5C2037CF2696}.Debug|Any CPU.Build.0 = Debug|Any CPU
		{2A067E35-B67E-4D43-B9A3-5C2037CF2696}.Debug|Mixed Platforms.ActiveCfg = Debug|Any CPU
		{2A067E35-B67E-4D43-B9A3-5C2037CF2696}.Debug|Mixed Platforms.Build.0 = Debug|Any CPU
		{2A067E35-B67E-4D43-B9A3-5C2037CF2696}.Debug|Win32.ActiveCfg = Debug|Any CPU
		{2A067E35-B67E-4D43-B9A3-5C2037CF2696}.Default|.NET.ActiveCfg = Debug|Any CPU
		{2A067E35-B67E-4D43-B9A3-5C2037CF2696}.Default|Any CPU.ActiveCfg = Debug|Any CPU
		{2A067E35-B67E-4D43-B9A3-5C2037CF2696}.Default|Any CPU.Build.0 = Debug|Any CPU
		{2A067E35-B67E-4D43-B9A3-5C2037CF2696}.Default|Mixed Platforms.ActiveCfg = Debug|Any CPU
		{2A067E35-B67E-4D43-B9A3-5C2037CF2696}.Default|Mixed Platforms.Build.0 = Debug|Any CPU
		{2A067E35-B67E-4D43-B9A3-5C2037CF2696}.Default|Win32.ActiveCfg = Debug|Any CPU
		{2A067E35-B67E-4D43-B9A3-5C2037CF2696}.Release|.NET.ActiveCfg = Release|Any CPU
		{2A067E35-B67E-4D43-B9A3-5C2037CF2696}.Release|Any CPU.ActiveCfg = Release|Any CPU
		{2A067E35-B67E-4D43-B9A3-5C2037CF2696}.Release|Any CPU.Build.0 = Release|Any CPU
		{2A067E35-B67E-4D43-B9A3-5C2037CF2696}.Release|Mixed Platforms.ActiveCfg = Release|Any CPU
		{2A067E35-B67E-4D43-B9A3-5C2037CF2696}.Release|Mixed Platforms.Build.0 = Release|Any CPU
		{2A067E35-B67E-4D43-B9A3-5C2037CF2696}.Release|Win32.ActiveCfg = Release|Any CPU
		{41156C65-96B0-4026-A4FF-94CC299ABCAB}.Debug|.NET.ActiveCfg = Debug|Any CPU
		{41156C65-96B0-4026-A4FF-94CC299ABCAB}.Debug|Any CPU.ActiveCfg = Debug|Any CPU
		{41156C65-96B0-4026-A4FF-94CC299ABCAB}.Debug|Any CPU.Build.0 = Debug|Any CPU
		{41156C65-96B0-4026-A4FF-94CC299ABCAB}.Debug|Mixed Platforms.ActiveCfg = Debug|Any CPU
		{41156C65-96B0-4026-A4FF-94CC299ABCAB}.Debug|Mixed Platforms.Build.0 = Debug|Any CPU
		{41156C65-96B0-4026-A4FF-94CC299ABCAB}.Debug|Win32.ActiveCfg = Debug|Any CPU
		{41156C65-96B0-4026-A4FF-94CC299ABCAB}.Default|.NET.ActiveCfg = Debug|Any CPU
		{41156C65-96B0-4026-A4FF-94CC299ABCAB}.Default|Any CPU.ActiveCfg = Debug|Any CPU
		{41156C65-96B0-4026-A4FF-94CC299ABCAB}.Default|Any CPU.Build.0 = Debug|Any CPU
		{41156C65-96B0-4026-A4FF-94CC299ABCAB}.Default|Mixed Platforms.ActiveCfg = Debug|Any CPU
		{41156C65-96B0-4026-A4FF-94CC299ABCAB}.Default|Mixed Platforms.Build.0 = Debug|Any CPU
		{41156C65-96B0-4026-A4FF-94CC299ABCAB}.Default|Win32.ActiveCfg = Debug|Any CPU
		{41156C65-96B0-4026-A4FF-94CC299ABCAB}.Release|.NET.ActiveCfg = Release|Any CPU
		{41156C65-96B0-4026-A4FF-94CC299ABCAB}.Release|Any CPU.ActiveCfg = Release|Any CPU
		{41156C65-96B0-4026-A4FF-94CC299ABCAB}.Release|Any CPU.Build.0 = Release|Any CPU
		{41156C65-96B0-4026-A4FF-94CC299ABCAB}.Release|Mixed Platforms.ActiveCfg = Release|Any CPU
		{41156C65-96B0-4026-A4FF-94CC299ABCAB}.Release|Mixed Platforms.Build.0 = Release|Any CPU
		{41156C65-96B0-4026-A4FF-94CC299ABCAB}.Release|Win32.ActiveCfg = Release|Any CPU
		{995785E4-E415-4378-A6BC-887A1E619F23}.Debug|.NET.ActiveCfg = Debug|Any CPU
		{995785E4-E415-4378-A6BC-887A1E619F23}.Debug|Any CPU.ActiveCfg = Debug|Any CPU
		{995785E4-E415-4378-A6BC-887A1E619F23}.Debug|Any CPU.Build.0 = Debug|Any CPU
		{995785E4-E415-4378-A6BC-887A1E619F23}.Debug|Mixed Platforms.ActiveCfg = Debug|Any CPU
		{995785E4-E415-4378-A6BC-887A1E619F23}.Debug|Mixed Platforms.Build.0 = Debug|Any CPU
		{995785E4-E415-4378-A6BC-887A1E619F23}.Debug|Win32.ActiveCfg = Debug|Any CPU
		{995785E4-E415-4378-A6BC-887A1E619F23}.Default|.NET.ActiveCfg = Debug|Any CPU
		{995785E4-E415-4378-A6BC-887A1E619F23}.Default|Any CPU.ActiveCfg = Debug|Any CPU
		{995785E4-E415-4378-A6BC-887A1E619F23}.Default|Any CPU.Build.0 = Debug|Any CPU
		{995785E4-E415-4378-A6BC-887A1E619F23}.Default|Mixed Platforms.ActiveCfg = Debug|Any CPU
		{995785E4-E415-4378-A6BC-887A1E619F23}.Default|Mixed Platforms.Build.0 = Debug|Any CPU
		{995785E4-E415-4378-A6BC-887A1E619F23}.Default|Win32.ActiveCfg = Debug|Any CPU
		{995785E4-E415-4378-A6BC-887A1E619F23}.Release|.NET.ActiveCfg = Release|Any CPU
		{995785E4-E415-4378-A6BC-887A1E619F23}.Release|Any CPU.ActiveCfg = Release|Any CPU
		{995785E4-E415-4378-A6BC-887A1E619F23}.Release|Any CPU.Build.0 = Release|Any CPU
		{995785E4-E415-4378-A6BC-887A1E619F23}.Release|Mixed Platforms.ActiveCfg = Release|Any CPU
		{995785E4-E415-4378-A6BC-887A1E619F23}.Release|Mixed Platforms.Build.0 = Release|Any CPU
		{995785E4-E415-4378-A6BC-887A1E619F23}.Release|Win32.ActiveCfg = Release|Any CPU
		{0ADC6ABA-D7B7-4C6A-83C1-ED9C84BC9A06}.Debug|.NET.ActiveCfg = Debug|Any CPU
		{0ADC6ABA-D7B7-4C6A-83C1-ED9C84BC9A06}.Debug|Any CPU.ActiveCfg = Debug|Any CPU
		{0ADC6ABA-D7B7-4C6A-83C1-ED9C84BC9A06}.Debug|Any CPU.Build.0 = Debug|Any CPU
		{0ADC6ABA-D7B7-4C6A-83C1-ED9C84BC9A06}.Debug|Mixed Platforms.ActiveCfg = Debug|Any CPU
		{0ADC6ABA-D7B7-4C6A-83C1-ED9C84BC9A06}.Debug|Mixed Platforms.Build.0 = Debug|Any CPU
		{0ADC6ABA-D7B7-4C6A-83C1-ED9C84BC9A06}.Debug|Win32.ActiveCfg = Debug|Any CPU
		{0ADC6ABA-D7B7-4C6A-83C1-ED9C84BC9A06}.Default|.NET.ActiveCfg = Debug|Any CPU
		{0ADC6ABA-D7B7-4C6A-83C1-ED9C84BC9A06}.Default|Any CPU.ActiveCfg = Debug|Any CPU
		{0ADC6ABA-D7B7-4C6A-83C1-ED9C84BC9A06}.Default|Any CPU.Build.0 = Debug|Any CPU
		{0ADC6ABA-D7B7-4C6A-83C1-ED9C84BC9A06}.Default|Mixed Platforms.ActiveCfg = Debug|Any CPU
		{0ADC6ABA-D7B7-4C6A-83C1-ED9C84BC9A06}.Default|Mixed Platforms.Build.0 = Debug|Any CPU
		{0ADC6ABA-D7B7-4C6A-83C1-ED9C84BC9A06}.Default|Win32.ActiveCfg = Debug|Any CPU
		{0ADC6ABA-D7B7-4C6A-83C1-ED9C84BC9A06}.Release|.NET.ActiveCfg = Release|Any CPU
		{0ADC6ABA-D7B7-4C6A-83C1-ED9C84BC9A06}.Release|Any CPU.ActiveCfg = Release|Any CPU
		{0ADC6ABA-D7B7-4C6A-83C1-ED9C84BC9A06}.Release|Any CPU.Build.0 = Release|Any CPU
		{0ADC6ABA-D7B7-4C6A-83C1-ED9C84BC9A06}.Release|Mixed Platforms.ActiveCfg = Release|Any CPU
		{0ADC6ABA-D7B7-4C6A-83C1-ED9C84BC9A06}.Release|Mixed Platforms.Build.0 = Release|Any CPU
		{0ADC6ABA-D7B7-4C6A-83C1-ED9C84BC9A06}.Release|Win32.ActiveCfg = Release|Any CPU
		{A4B1F8BD-6C98-453B-82E2-4B54D08F227E}.Debug|.NET.ActiveCfg = Debug|Any CPU
		{A4B1F8BD-6C98-453B-82E2-4B54D08F227E}.Debug|Any CPU.ActiveCfg = Debug|Any CPU
		{A4B1F8BD-6C98-453B-82E2-4B54D08F227E}.Debug|Any CPU.Build.0 = Debug|Any CPU
		{A4B1F8BD-6C98-453B-82E2-4B54D08F227E}.Debug|Mixed Platforms.ActiveCfg = Debug|Any CPU
		{A4B1F8BD-6C98-453B-82E2-4B54D08F227E}.Debug|Mixed Platforms.Build.0 = Debug|Any CPU
		{A4B1F8BD-6C98-453B-82E2-4B54D08F227E}.Debug|Win32.ActiveCfg = Debug|Any CPU
		{A4B1F8BD-6C98-453B-82E2-4B54D08F227E}.Default|.NET.ActiveCfg = Debug|Any CPU
		{A4B1F8BD-6C98-453B-82E2-4B54D08F227E}.Default|Any CPU.ActiveCfg = Debug|Any CPU
		{A4B1F8BD-6C98-453B-82E2-4B54D08F227E}.Default|Any CPU.Build.0 = Debug|Any CPU
		{A4B1F8BD-6C98-453B-82E2-4B54D08F227E}.Default|Mixed Platforms.ActiveCfg = Debug|Any CPU
		{A4B1F8BD-6C98-453B-82E2-4B54D08F227E}.Default|Mixed Platforms.Build.0 = Debug|Any CPU
		{A4B1F8BD-6C98-453B-82E2-4B54D08F227E}.Default|Win32.ActiveCfg = Debug|Any CPU
		{A4B1F8BD-6C98-453B-82E2-4B54D08F227E}.Release|.NET.ActiveCfg = Release|Any CPU
		{A4B1F8BD-6C98-453B-82E2-4B54D08F227E}.Release|Any CPU.ActiveCfg = Release|Any CPU
		{A4B1F8BD-6C98-453B-82E2-4B54D08F227E}.Release|Any CPU.Build.0 = Release|Any CPU
		{A4B1F8BD-6C98-453B-82E2-4B54D08F227E}.Release|Mixed Platforms.ActiveCfg = Release|Any CPU
		{A4B1F8BD-6C98-453B-82E2-4B54D08F227E}.Release|Mixed Platforms.Build.0 = Release|Any CPU
		{A4B1F8BD-6C98-453B-82E2-4B54D08F227E}.Release|Win32.ActiveCfg = Release|Any CPU
		{8C0DAF87-ABA7-4E6D-B930-187ED559EDB7}.Debug|.NET.ActiveCfg = Debug|Any CPU
		{8C0DAF87-ABA7-4E6D-B930-187ED559EDB7}.Debug|Any CPU.ActiveCfg = Debug|Any CPU
		{8C0DAF87-ABA7-4E6D-B930-187ED559EDB7}.Debug|Any CPU.Build.0 = Debug|Any CPU
		{8C0DAF87-ABA7-4E6D-B930-187ED559EDB7}.Debug|Mixed Platforms.ActiveCfg = Debug|Any CPU
		{8C0DAF87-ABA7-4E6D-B930-187ED559EDB7}.Debug|Mixed Platforms.Build.0 = Debug|Any CPU
		{8C0DAF87-ABA7-4E6D-B930-187ED559EDB7}.Debug|Win32.ActiveCfg = Debug|Any CPU
		{8C0DAF87-ABA7-4E6D-B930-187ED559EDB7}.Default|.NET.ActiveCfg = Debug|Any CPU
		{8C0DAF87-ABA7-4E6D-B930-187ED559EDB7}.Default|Any CPU.ActiveCfg = Debug|Any CPU
		{8C0DAF87-ABA7-4E6D-B930-187ED559EDB7}.Default|Any CPU.Build.0 = Debug|Any CPU
		{8C0DAF87-ABA7-4E6D-B930-187ED559EDB7}.Default|Mixed Platforms.ActiveCfg = Debug|Any CPU
		{8C0DAF87-ABA7-4E6D-B930-187ED559EDB7}.Default|Mixed Platforms.Build.0 = Debug|Any CPU
		{8C0DAF87-ABA7-4E6D-B930-187ED559EDB7}.Default|Win32.ActiveCfg = Debug|Any CPU
		{8C0DAF87-ABA7-4E6D-B930-187ED559EDB7}.Release|.NET.ActiveCfg = Release|Any CPU
		{8C0DAF87-ABA7-4E6D-B930-187ED559EDB7}.Release|Any CPU.ActiveCfg = Release|Any CPU
		{8C0DAF87-ABA7-4E6D-B930-187ED559EDB7}.Release|Any CPU.Build.0 = Release|Any CPU
		{8C0DAF87-ABA7-4E6D-B930-187ED559EDB7}.Release|Mixed Platforms.ActiveCfg = Release|Any CPU
		{8C0DAF87-ABA7-4E6D-B930-187ED559EDB7}.Release|Mixed Platforms.Build.0 = Release|Any CPU
		{8C0DAF87-ABA7-4E6D-B930-187ED559EDB7}.Release|Win32.ActiveCfg = Release|Any CPU
		{D16ECF86-E60C-4A3A-831B-89537C463E8B}.Debug|.NET.ActiveCfg = Debug|Any CPU
		{D16ECF86-E60C-4A3A-831B-89537C463E8B}.Debug|Any CPU.ActiveCfg = Debug|Any CPU
		{D16ECF86-E60C-4A3A-831B-89537C463E8B}.Debug|Any CPU.Build.0 = Debug|Any CPU
		{D16ECF86-E60C-4A3A-831B-89537C463E8B}.Debug|Mixed Platforms.ActiveCfg = Debug|Any CPU
		{D16ECF86-E60C-4A3A-831B-89537C463E8B}.Debug|Mixed Platforms.Build.0 = Debug|Any CPU
		{D16ECF86-E60C-4A3A-831B-89537C463E8B}.Debug|Win32.ActiveCfg = Debug|Any CPU
		{D16ECF86-E60C-4A3A-831B-89537C463E8B}.Default|.NET.ActiveCfg = Debug|Any CPU
		{D16ECF86-E60C-4A3A-831B-89537C463E8B}.Default|Any CPU.ActiveCfg = Debug|Any CPU
		{D16ECF86-E60C-4A3A-831B-89537C463E8B}.Default|Any CPU.Build.0 = Debug|Any CPU
		{D16ECF86-E60C-4A3A-831B-89537C463E8B}.Default|Mixed Platforms.ActiveCfg = Debug|Any CPU
		{D16ECF86-E60C-4A3A-831B-89537C463E8B}.Default|Mixed Platforms.Build.0 = Debug|Any CPU
		{D16ECF86-E60C-4A3A-831B-89537C463E8B}.Default|Win32.ActiveCfg = Debug|Any CPU
		{D16ECF86-E60C-4A3A-831B-89537C463E8B}.Release|.NET.ActiveCfg = Release|Any CPU
		{D16ECF86-E60C-4A3A-831B-89537C463E8B}.Release|Any CPU.ActiveCfg = Release|Any CPU
		{D16ECF86-E60C-4A3A-831B-89537C463E8B}.Release|Any CPU.Build.0 = Release|Any CPU
		{D16ECF86-E60C-4A3A-831B-89537C463E8B}.Release|Mixed Platforms.ActiveCfg = Release|Any CPU
		{D16ECF86-E60C-4A3A-831B-89537C463E8B}.Release|Mixed Platforms.Build.0 = Release|Any CPU
		{D16ECF86-E60C-4A3A-831B-89537C463E8B}.Release|Win32.ActiveCfg = Release|Any CPU
		{E76A78B3-1642-420D-8C4F-C18DF700CF71}.Debug|.NET.ActiveCfg = Debug|Any CPU
		{E76A78B3-1642-420D-8C4F-C18DF700CF71}.Debug|Any CPU.ActiveCfg = Debug|Any CPU
		{E76A78B3-1642-420D-8C4F-C18DF700CF71}.Debug|Any CPU.Build.0 = Debug|Any CPU
		{E76A78B3-1642-420D-8C4F-C18DF700CF71}.Debug|Mixed Platforms.ActiveCfg = Debug|Any CPU
		{E76A78B3-1642-420D-8C4F-C18DF700CF71}.Debug|Mixed Platforms.Build.0 = Debug|Any CPU
		{E76A78B3-1642-420D-8C4F-C18DF700CF71}.Debug|Win32.ActiveCfg = Debug|Any CPU
		{E76A78B3-1642-420D-8C4F-C18DF700CF71}.Default|.NET.ActiveCfg = Debug|Any CPU
		{E76A78B3-1642-420D-8C4F-C18DF700CF71}.Default|Any CPU.ActiveCfg = Debug|Any CPU
		{E76A78B3-1642-420D-8C4F-C18DF700CF71}.Default|Any CPU.Build.0 = Debug|Any CPU
		{E76A78B3-1642-420D-8C4F-C18DF700CF71}.Default|Mixed Platforms.ActiveCfg = Debug|Any CPU
		{E76A78B3-1642-420D-8C4F-C18DF700CF71}.Default|Mixed Platforms.Build.0 = Debug|Any CPU
		{E76A78B3-1642-420D-8C4F-C18DF700CF71}.Default|Win32.ActiveCfg = Debug|Any CPU
		{E76A78B3-1642-420D-8C4F-C18DF700CF71}.Release|.NET.ActiveCfg = Release|Any CPU
		{E76A78B3-1642-420D-8C4F-C18DF700CF71}.Release|Any CPU.ActiveCfg = Release|Any CPU
		{E76A78B3-1642-420D-8C4F-C18DF700CF71}.Release|Any CPU.Build.0 = Release|Any CPU
		{E76A78B3-1642-420D-8C4F-C18DF700CF71}.Release|Mixed Platforms.ActiveCfg = Release|Any CPU
		{E76A78B3-1642-420D-8C4F-C18DF700CF71}.Release|Mixed Platforms.Build.0 = Release|Any CPU
		{E76A78B3-1642-420D-8C4F-C18DF700CF71}.Release|Win32.ActiveCfg = Release|Any CPU
		{1590480E-AA00-42EC-80B0-3FD2F389FEE9}.Debug|.NET.ActiveCfg = Debug|Any CPU
		{1590480E-AA00-42EC-80B0-3FD2F389FEE9}.Debug|Any CPU.ActiveCfg = Debug|Any CPU
		{1590480E-AA00-42EC-80B0-3FD2F389FEE9}.Debug|Any CPU.Build.0 = Debug|Any CPU
		{1590480E-AA00-42EC-80B0-3FD2F389FEE9}.Debug|Mixed Platforms.ActiveCfg = Debug|Any CPU
		{1590480E-AA00-42EC-80B0-3FD2F389FEE9}.Debug|Mixed Platforms.Build.0 = Debug|Any CPU
		{1590480E-AA00-42EC-80B0-3FD2F389FEE9}.Debug|Win32.ActiveCfg = Debug|Any CPU
		{1590480E-AA00-42EC-80B0-3FD2F389FEE9}.Default|.NET.ActiveCfg = Debug|Any CPU
		{1590480E-AA00-42EC-80B0-3FD2F389FEE9}.Default|Any CPU.ActiveCfg = Debug|Any CPU
		{1590480E-AA00-42EC-80B0-3FD2F389FEE9}.Default|Any CPU.Build.0 = Debug|Any CPU
		{1590480E-AA00-42EC-80B0-3FD2F389FEE9}.Default|Mixed Platforms.ActiveCfg = Debug|Any CPU
		{1590480E-AA00-42EC-80B0-3FD2F389FEE9}.Default|Mixed Platforms.Build.0 = Debug|Any CPU
		{1590480E-AA00-42EC-80B0-3FD2F389FEE9}.Default|Win32.ActiveCfg = Debug|Any CPU
		{1590480E-AA00-42EC-80B0-3FD2F389FEE9}.Release|.NET.ActiveCfg = Release|Any CPU
		{1590480E-AA00-42EC-80B0-3FD2F389FEE9}.Release|Any CPU.ActiveCfg = Release|Any CPU
		{1590480E-AA00-42EC-80B0-3FD2F389FEE9}.Release|Any CPU.Build.0 = Release|Any CPU
		{1590480E-AA00-42EC-80B0-3FD2F389FEE9}.Release|Mixed Platforms.ActiveCfg = Release|Any CPU
		{1590480E-AA00-42EC-80B0-3FD2F389FEE9}.Release|Mixed Platforms.Build.0 = Release|Any CPU
		{1590480E-AA00-42EC-80B0-3FD2F389FEE9}.Release|Win32.ActiveCfg = Release|Any CPU
		{A3263B57-6E20-4A9F-8D1F-9A020CF95F08}.Debug|.NET.ActiveCfg = Debug|Any CPU
		{A3263B57-6E20-4A9F-8D1F-9A020CF95F08}.Debug|Any CPU.ActiveCfg = Debug|Any CPU
		{A3263B57-6E20-4A9F-8D1F-9A020CF95F08}.Debug|Any CPU.Build.0 = Debug|Any CPU
		{A3263B57-6E20-4A9F-8D1F-9A020CF95F08}.Debug|Mixed Platforms.ActiveCfg = Debug|Any CPU
		{A3263B57-6E20-4A9F-8D1F-9A020CF95F08}.Debug|Mixed Platforms.Build.0 = Debug|Any CPU
		{A3263B57-6E20-4A9F-8D1F-9A020CF95F08}.Debug|Win32.ActiveCfg = Debug|Any CPU
		{A3263B57-6E20-4A9F-8D1F-9A020CF95F08}.Default|.NET.ActiveCfg = Debug|Any CPU
		{A3263B57-6E20-4A9F-8D1F-9A020CF95F08}.Default|Any CPU.ActiveCfg = Debug|Any CPU
		{A3263B57-6E20-4A9F-8D1F-9A020CF95F08}.Default|Any CPU.Build.0 = Debug|Any CPU
		{A3263B57-6E20-4A9F-8D1F-9A020CF95F08}.Default|Mixed Platforms.ActiveCfg = Debug|Any CPU
		{A3263B57-6E20-4A9F-8D1F-9A020CF95F08}.Default|Mixed Platforms.Build.0 = Debug|Any CPU
		{A3263B57-6E20-4A9F-8D1F-9A020CF95F08}.Default|Win32.ActiveCfg = Debug|Any CPU
		{A3263B57-6E20-4A9F-8D1F-9A020CF95F08}.Release|.NET.ActiveCfg = Release|Any CPU
		{A3263B57-6E20-4A9F-8D1F-9A020CF95F08}.Release|Any CPU.ActiveCfg = Release|Any CPU
		{A3263B57-6E20-4A9F-8D1F-9A020CF95F08}.Release|Any CPU.Build.0 = Release|Any CPU
		{A3263B57-6E20-4A9F-8D1F-9A020CF95F08}.Release|Mixed Platforms.ActiveCfg = Release|Any CPU
		{A3263B57-6E20-4A9F-8D1F-9A020CF95F08}.Release|Mixed Platforms.Build.0 = Release|Any CPU
		{A3263B57-6E20-4A9F-8D1F-9A020CF95F08}.Release|Win32.ActiveCfg = Release|Any CPU
		{8F3750A7-4457-41EE-9867-8AEEF05A7DBF}.Debug|.NET.ActiveCfg = Debug|Any CPU
		{8F3750A7-4457-41EE-9867-8AEEF05A7DBF}.Debug|Any CPU.ActiveCfg = Debug|Any CPU
		{8F3750A7-4457-41EE-9867-8AEEF05A7DBF}.Debug|Any CPU.Build.0 = Debug|Any CPU
		{8F3750A7-4457-41EE-9867-8AEEF05A7DBF}.Debug|Mixed Platforms.ActiveCfg = Debug|Any CPU
		{8F3750A7-4457-41EE-9867-8AEEF05A7DBF}.Debug|Mixed Platforms.Build.0 = Debug|Any CPU
		{8F3750A7-4457-41EE-9867-8AEEF05A7DBF}.Debug|Win32.ActiveCfg = Debug|Any CPU
		{8F3750A7-4457-41EE-9867-8AEEF05A7DBF}.Default|.NET.ActiveCfg = Debug|Any CPU
		{8F3750A7-4457-41EE-9867-8AEEF05A7DBF}.Default|Any CPU.ActiveCfg = Debug|Any CPU
		{8F3750A7-4457-41EE-9867-8AEEF05A7DBF}.Default|Any CPU.Build.0 = Debug|Any CPU
		{8F3750A7-4457-41EE-9867-8AEEF05A7DBF}.Default|Mixed Platforms.ActiveCfg = Debug|Any CPU
		{8F3750A7-4457-41EE-9867-8AEEF05A7DBF}.Default|Mixed Platforms.Build.0 = Debug|Any CPU
		{8F3750A7-4457-41EE-9867-8AEEF05A7DBF}.Default|Win32.ActiveCfg = Debug|Any CPU
		{8F3750A7-4457-41EE-9867-8AEEF05A7DBF}.Release|.NET.ActiveCfg = Release|Any CPU
		{8F3750A7-4457-41EE-9867-8AEEF05A7DBF}.Release|Any CPU.ActiveCfg = Release|Any CPU
		{8F3750A7-4457-41EE-9867-8AEEF05A7DBF}.Release|Any CPU.Build.0 = Release|Any CPU
		{8F3750A7-4457-41EE-9867-8AEEF05A7DBF}.Release|Mixed Platforms.ActiveCfg = Release|Any CPU
		{8F3750A7-4457-41EE-9867-8AEEF05A7DBF}.Release|Mixed Platforms.Build.0 = Release|Any CPU
		{8F3750A7-4457-41EE-9867-8AEEF05A7DBF}.Release|Win32.ActiveCfg = Release|Any CPU
		{B5767D89-F853-4CE6-9BE6-7E268BD87D57}.Debug|.NET.ActiveCfg = Debug|Any CPU
		{B5767D89-F853-4CE6-9BE6-7E268BD87D57}.Debug|Any CPU.ActiveCfg = Debug|Any CPU
		{B5767D89-F853-4CE6-9BE6-7E268BD87D57}.Debug|Any CPU.Build.0 = Debug|Any CPU
		{B5767D89-F853-4CE6-9BE6-7E268BD87D57}.Debug|Mixed Platforms.ActiveCfg = Debug|Any CPU
		{B5767D89-F853-4CE6-9BE6-7E268BD87D57}.Debug|Mixed Platforms.Build.0 = Debug|Any CPU
		{B5767D89-F853-4CE6-9BE6-7E268BD87D57}.Debug|Win32.ActiveCfg = Debug|Any CPU
		{B5767D89-F853-4CE6-9BE6-7E268BD87D57}.Default|.NET.ActiveCfg = Debug|Any CPU
		{B5767D89-F853-4CE6-9BE6-7E268BD87D57}.Default|Any CPU.ActiveCfg = Debug|Any CPU
		{B5767D89-F853-4CE6-9BE6-7E268BD87D57}.Default|Any CPU.Build.0 = Debug|Any CPU
		{B5767D89-F853-4CE6-9BE6-7E268BD87D57}.Default|Mixed Platforms.ActiveCfg = Debug|Any CPU
		{B5767D89-F853-4CE6-9BE6-7E268BD87D57}.Default|Mixed Platforms.Build.0 = Debug|Any CPU
		{B5767D89-F853-4CE6-9BE6-7E268BD87D57}.Default|Win32.ActiveCfg = Debug|Any CPU
		{B5767D89-F853-4CE6-9BE6-7E268BD87D57}.Release|.NET.ActiveCfg = Release|Any CPU
		{B5767D89-F853-4CE6-9BE6-7E268BD87D57}.Release|Any CPU.ActiveCfg = Release|Any CPU
		{B5767D89-F853-4CE6-9BE6-7E268BD87D57}.Release|Any CPU.Build.0 = Release|Any CPU
		{B5767D89-F853-4CE6-9BE6-7E268BD87D57}.Release|Mixed Platforms.ActiveCfg = Release|Any CPU
		{B5767D89-F853-4CE6-9BE6-7E268BD87D57}.Release|Mixed Platforms.Build.0 = Release|Any CPU
		{B5767D89-F853-4CE6-9BE6-7E268BD87D57}.Release|Win32.ActiveCfg = Release|Any CPU
		{3DF7819E-BCF2-44C5-96F3-E0BD73CFA5B1}.Debug|.NET.ActiveCfg = Debug|Any CPU
		{3DF7819E-BCF2-44C5-96F3-E0BD73CFA5B1}.Debug|Any CPU.ActiveCfg = Debug|Any CPU
		{3DF7819E-BCF2-44C5-96F3-E0BD73CFA5B1}.Debug|Any CPU.Build.0 = Debug|Any CPU
		{3DF7819E-BCF2-44C5-96F3-E0BD73CFA5B1}.Debug|Mixed Platforms.ActiveCfg = Debug|Any CPU
		{3DF7819E-BCF2-44C5-96F3-E0BD73CFA5B1}.Debug|Mixed Platforms.Build.0 = Debug|Any CPU
		{3DF7819E-BCF2-44C5-96F3-E0BD73CFA5B1}.Debug|Win32.ActiveCfg = Debug|Any CPU
		{3DF7819E-BCF2-44C5-96F3-E0BD73CFA5B1}.Default|.NET.ActiveCfg = Debug|Any CPU
		{3DF7819E-BCF2-44C5-96F3-E0BD73CFA5B1}.Default|Any CPU.ActiveCfg = Debug|Any CPU
		{3DF7819E-BCF2-44C5-96F3-E0BD73CFA5B1}.Default|Any CPU.Build.0 = Debug|Any CPU
		{3DF7819E-BCF2-44C5-96F3-E0BD73CFA5B1}.Default|Mixed Platforms.ActiveCfg = Debug|Any CPU
		{3DF7819E-BCF2-44C5-96F3-E0BD73CFA5B1}.Default|Mixed Platforms.Build.0 = Debug|Any CPU
		{3DF7819E-BCF2-44C5-96F3-E0BD73CFA5B1}.Default|Win32.ActiveCfg = Debug|Any CPU
		{3DF7819E-BCF2-44C5-96F3-E0BD73CFA5B1}.Release|.NET.ActiveCfg = Release|Any CPU
		{3DF7819E-BCF2-44C5-96F3-E0BD73CFA5B1}.Release|Any CPU.ActiveCfg = Release|Any CPU
		{3DF7819E-BCF2-44C5-96F3-E0BD73CFA5B1}.Release|Any CPU.Build.0 = Release|Any CPU
		{3DF7819E-BCF2-44C5-96F3-E0BD73CFA5B1}.Release|Mixed Platforms.ActiveCfg = Release|Any CPU
		{3DF7819E-BCF2-44C5-96F3-E0BD73CFA5B1}.Release|Mixed Platforms.Build.0 = Release|Any CPU
		{3DF7819E-BCF2-44C5-96F3-E0BD73CFA5B1}.Release|Win32.ActiveCfg = Release|Any CPU
		{69654816-4C83-429F-BC6D-E895DD94D2A4}.Debug|.NET.ActiveCfg = Debug|Any CPU
		{69654816-4C83-429F-BC6D-E895DD94D2A4}.Debug|Any CPU.ActiveCfg = Debug|Any CPU
		{69654816-4C83-429F-BC6D-E895DD94D2A4}.Debug|Any CPU.Build.0 = Debug|Any CPU
		{69654816-4C83-429F-BC6D-E895DD94D2A4}.Debug|Mixed Platforms.ActiveCfg = Debug|Any CPU
		{69654816-4C83-429F-BC6D-E895DD94D2A4}.Debug|Mixed Platforms.Build.0 = Debug|Any CPU
		{69654816-4C83-429F-BC6D-E895DD94D2A4}.Debug|Win32.ActiveCfg = Debug|Any CPU
		{69654816-4C83-429F-BC6D-E895DD94D2A4}.Default|.NET.ActiveCfg = Debug|Any CPU
		{69654816-4C83-429F-BC6D-E895DD94D2A4}.Default|Any CPU.ActiveCfg = Debug|Any CPU
		{69654816-4C83-429F-BC6D-E895DD94D2A4}.Default|Any CPU.Build.0 = Debug|Any CPU
		{69654816-4C83-429F-BC6D-E895DD94D2A4}.Default|Mixed Platforms.ActiveCfg = Debug|Any CPU
		{69654816-4C83-429F-BC6D-E895DD94D2A4}.Default|Mixed Platforms.Build.0 = Debug|Any CPU
		{69654816-4C83-429F-BC6D-E895DD94D2A4}.Default|Win32.ActiveCfg = Debug|Any CPU
		{69654816-4C83-429F-BC6D-E895DD94D2A4}.Release|.NET.ActiveCfg = Release|Any CPU
		{69654816-4C83-429F-BC6D-E895DD94D2A4}.Release|Any CPU.ActiveCfg = Release|Any CPU
		{69654816-4C83-429F-BC6D-E895DD94D2A4}.Release|Any CPU.Build.0 = Release|Any CPU
		{69654816-4C83-429F-BC6D-E895DD94D2A4}.Release|Mixed Platforms.ActiveCfg = Release|Any CPU
		{69654816-4C83-429F-BC6D-E895DD94D2A4}.Release|Mixed Platforms.Build.0 = Release|Any CPU
		{69654816-4C83-429F-BC6D-E895DD94D2A4}.Release|Win32.ActiveCfg = Release|Any CPU
		{777E8738-BFB3-484E-B4D0-658D02783F70}.Debug|.NET.ActiveCfg = Debug|Any CPU
		{777E8738-BFB3-484E-B4D0-658D02783F70}.Debug|Any CPU.ActiveCfg = Debug|Any CPU
		{777E8738-BFB3-484E-B4D0-658D02783F70}.Debug|Any CPU.Build.0 = Debug|Any CPU
		{777E8738-BFB3-484E-B4D0-658D02783F70}.Debug|Mixed Platforms.ActiveCfg = Debug|Any CPU
		{777E8738-BFB3-484E-B4D0-658D02783F70}.Debug|Mixed Platforms.Build.0 = Debug|Any CPU
		{777E8738-BFB3-484E-B4D0-658D02783F70}.Debug|Win32.ActiveCfg = Debug|Any CPU
		{777E8738-BFB3-484E-B4D0-658D02783F70}.Default|.NET.ActiveCfg = Debug|Any CPU
		{777E8738-BFB3-484E-B4D0-658D02783F70}.Default|Any CPU.ActiveCfg = Debug|Any CPU
		{777E8738-BFB3-484E-B4D0-658D02783F70}.Default|Any CPU.Build.0 = Debug|Any CPU
		{777E8738-BFB3-484E-B4D0-658D02783F70}.Default|Mixed Platforms.ActiveCfg = Debug|Any CPU
		{777E8738-BFB3-484E-B4D0-658D02783F70}.Default|Mixed Platforms.Build.0 = Debug|Any CPU
		{777E8738-BFB3-484E-B4D0-658D02783F70}.Default|Win32.ActiveCfg = Debug|Any CPU
		{777E8738-BFB3-484E-B4D0-658D02783F70}.Release|.NET.ActiveCfg = Release|Any CPU
		{777E8738-BFB3-484E-B4D0-658D02783F70}.Release|Any CPU.ActiveCfg = Release|Any CPU
		{777E8738-BFB3-484E-B4D0-658D02783F70}.Release|Any CPU.Build.0 = Release|Any CPU
		{777E8738-BFB3-484E-B4D0-658D02783F70}.Release|Mixed Platforms.ActiveCfg = Release|Any CPU
		{777E8738-BFB3-484E-B4D0-658D02783F70}.Release|Mixed Platforms.Build.0 = Release|Any CPU
		{777E8738-BFB3-484E-B4D0-658D02783F70}.Release|Win32.ActiveCfg = Release|Any CPU
		{D0F9A87F-758A-44DE-948A-FF087D9D2E48}.Debug|.NET.ActiveCfg = Debug|Any CPU
		{D0F9A87F-758A-44DE-948A-FF087D9D2E48}.Debug|Any CPU.ActiveCfg = Debug|Any CPU
		{D0F9A87F-758A-44DE-948A-FF087D9D2E48}.Debug|Any CPU.Build.0 = Debug|Any CPU
		{D0F9A87F-758A-44DE-948A-FF087D9D2E48}.Debug|Mixed Platforms.ActiveCfg = Debug|Any CPU
		{D0F9A87F-758A-44DE-948A-FF087D9D2E48}.Debug|Mixed Platforms.Build.0 = Debug|Any CPU
		{D0F9A87F-758A-44DE-948A-FF087D9D2E48}.Debug|Win32.ActiveCfg = Debug|Any CPU
		{D0F9A87F-758A-44DE-948A-FF087D9D2E48}.Default|.NET.ActiveCfg = Debug|Any CPU
		{D0F9A87F-758A-44DE-948A-FF087D9D2E48}.Default|Any CPU.ActiveCfg = Debug|Any CPU
		{D0F9A87F-758A-44DE-948A-FF087D9D2E48}.Default|Any CPU.Build.0 = Debug|Any CPU
		{D0F9A87F-758A-44DE-948A-FF087D9D2E48}.Default|Mixed Platforms.ActiveCfg = Debug|Any CPU
		{D0F9A87F-758A-44DE-948A-FF087D9D2E48}.Default|Mixed Platforms.Build.0 = Debug|Any CPU
		{D0F9A87F-758A-44DE-948A-FF087D9D2E48}.Default|Win32.ActiveCfg = Debug|Any CPU
		{D0F9A87F-758A-44DE-948A-FF087D9D2E48}.Release|.NET.ActiveCfg = Release|Any CPU
		{D0F9A87F-758A-44DE-948A-FF087D9D2E48}.Release|Any CPU.ActiveCfg = Release|Any CPU
		{D0F9A87F-758A-44DE-948A-FF087D9D2E48}.Release|Any CPU.Build.0 = Release|Any CPU
		{D0F9A87F-758A-44DE-948A-FF087D9D2E48}.Release|Mixed Platforms.ActiveCfg = Release|Any CPU
		{D0F9A87F-758A-44DE-948A-FF087D9D2E48}.Release|Mixed Platforms.Build.0 = Release|Any CPU
		{D0F9A87F-758A-44DE-948A-FF087D9D2E48}.Release|Win32.ActiveCfg = Release|Any CPU
	EndGlobalSection
	GlobalSection(SolutionProperties) = preSolution
		HideSolutionNode = FALSE
	EndGlobalSection
EndGlobal
