
Microsoft Visual Studio Solution File, Format Version 10.00
# Visual Studio 2008
Project("{FAE04EC0-301F-11D3-BF4B-00C04F79EFBC}") = "DiscuzAlbum", "DiscuzAlbum.csproj", "{BCDC166B-4393-4B96-A0CC-2D2B57222E07}"
EndProject
Global
	GlobalSection(SolutionConfigurationPlatforms) = preSolution
		Debug|Any CPU = Debug|Any CPU
		Release|Any CPU = Release|Any CPU
	EndGlobalSection
	GlobalSection(ProjectConfigurationPlatforms) = postSolution
		{BCDC166B-4393-4B96-A0CC-2D2B57222E07}.Debug|Any CPU.ActiveCfg = Debug|Any CPU
		{BCDC166B-4393-4B96-A0CC-2D2B57222E07}.Debug|Any CPU.Build.0 = Debug|Any CPU
		{BCDC166B-4393-4B96-A0CC-2D2B57222E07}.Release|Any CPU.ActiveCfg = Release|Any CPU
		{BCDC166B-4393-4B96-A0CC-2D2B57222E07}.Release|Any CPU.Build.0 = Release|Any CPU
	EndGlobalSection
	GlobalSection(SolutionProperties) = preSolution
		HideSolutionNode = FALSE
	EndGlobalSection
EndGlobal
